PODS:
  - KDCircularProgress (1.5.0)
  - TextFieldEffects (1.3.0)

DEPENDENCIES:
  - KDCircularProgress
  - TextFieldEffects

SPEC CHECKSUMS:
  KDCircularProgress: 50edf94b32a1bd96f73e2ee01453bedb801c3042
  TextFieldEffects: ef594746f17997c813e07633f8ae5acaf9b04f27

PODFILE CHECKSUM: 641b9a146c0483dfc0769cf64d47392e4629c290

COCOAPODS: 1.0.1
