// !$*UTF8*$!
{
	archiveVersion = 1;
	classes = {
	};
	objectVersion = 46;
	objects = {

/* Begin PBXBuildFile section */
		26F3E7446E32781D01392D7C /* Pods_Incentive_AppTests.framework in Frameworks */ = {isa = PBXBuildFile; fileRef = ABFA5D0876119C8CDD335103 /* Pods_Incentive_AppTests.framework */; };
		4487CAFF76F6803D6CDDEFA0 /* Pods_Incentive_AppUITests.framework in Frameworks */ = {isa = PBXBuildFile; fileRef = 048624F7A58C0134ED8F4031 /* Pods_Incentive_AppUITests.framework */; };
		89910F13D270BC54D4E086A6 /* Pods_Incentive_App.framework in Frameworks */ = {isa = PBXBuildFile; fileRef = DF909308D36D6CFDD5A17B70 /* Pods_Incentive_App.framework */; };
		DA1519D51D2F51C500A63331 /* NameEntryViewController.swift in Sources */ = {isa = PBXBuildFile; fileRef = DA1519D41D2F51C500A63331 /* NameEntryViewController.swift */; };
		DA1519D71D2F523A00A63331 /* DailyGoalViewController.swift in Sources */ = {isa = PBXBuildFile; fileRef = DA1519D61D2F523A00A63331 /* DailyGoalViewController.swift */; };
		DA1519D91D2F525800A63331 /* MonthlyGoalViewController.swift in Sources */ = {isa = PBXBuildFile; fileRef = DA1519D81D2F525800A63331 /* MonthlyGoalViewController.swift */; };
		DA1519DB1D2F528900A63331 /* YearlyGoalViewController.swift in Sources */ = {isa = PBXBuildFile; fileRef = DA1519DA1D2F528900A63331 /* YearlyGoalViewController.swift */; };
		DA1D3A581D37E06D00EC516A /* Incentive_AppTests.swift in Sources */ = {isa = PBXBuildFile; fileRef = DABDB2FA1D2A0953004A38E3 /* Incentive_AppTests.swift */; };
		DA3AF1491D39F08C00880E73 /* DailyStatsViewController.swift in Sources */ = {isa = PBXBuildFile; fileRef = DA3AF1481D39F08C00880E73 /* DailyStatsViewController.swift */; };
		DABB07251D775973007E0755 /* DailyEntryData.swift in Sources */ = {isa = PBXBuildFile; fileRef = DABB07241D775973007E0755 /* DailyEntryData.swift */; };
		DABDB2E61D2A0952004A38E3 /* AppDelegate.swift in Sources */ = {isa = PBXBuildFile; fileRef = DABDB2E51D2A0952004A38E3 /* AppDelegate.swift */; };
		DABDB2E81D2A0952004A38E3 /* ViewController.swift in Sources */ = {isa = PBXBuildFile; fileRef = DABDB2E71D2A0952004A38E3 /* ViewController.swift */; };
		DABDB2EB1D2A0952004A38E3 /* Main.storyboard in Resources */ = {isa = PBXBuildFile; fileRef = DABDB2E91D2A0952004A38E3 /* Main.storyboard */; };
		DABDB2ED1D2A0952004A38E3 /* Assets.xcassets in Resources */ = {isa = PBXBuildFile; fileRef = DABDB2EC1D2A0952004A38E3 /* Assets.xcassets */; };
		DABDB2F01D2A0952004A38E3 /* LaunchScreen.storyboard in Resources */ = {isa = PBXBuildFile; fileRef = DABDB2EE1D2A0952004A38E3 /* LaunchScreen.storyboard */; };
		DABDB3061D2A0953004A38E3 /* Incentive_AppUITests.swift in Sources */ = {isa = PBXBuildFile; fileRef = DABDB3051D2A0953004A38E3 /* Incentive_AppUITests.swift */; };
		DABDB3171D2A0CF8004A38E3 /* ContentViewController.swift in Sources */ = {isa = PBXBuildFile; fileRef = DABDB3161D2A0CF8004A38E3 /* ContentViewController.swift */; };
		DABDB3191D2A1BE8004A38E3 /* CustomButton.swift in Sources */ = {isa = PBXBuildFile; fileRef = DABDB3181D2A1BE8004A38E3 /* CustomButton.swift */; };
		DABDB31B1D2A1D36004A38E3 /* CustomBackground.swift in Sources */ = {isa = PBXBuildFile; fileRef = DABDB31A1D2A1D36004A38E3 /* CustomBackground.swift */; };
		DABDB31D1D2A1F12004A38E3 /* CustomLabel.swift in Sources */ = {isa = PBXBuildFile; fileRef = DABDB31C1D2A1F12004A38E3 /* CustomLabel.swift */; };
		DABDB3221D2B4F20004A38E3 /* SWRevealViewController.m in Sources */ = {isa = PBXBuildFile; fileRef = DABDB3211D2B4F20004A38E3 /* SWRevealViewController.m */; };
		DABDB3241D2B50C9004A38E3 /* AccountViewController.swift in Sources */ = {isa = PBXBuildFile; fileRef = DABDB3231D2B50C9004A38E3 /* AccountViewController.swift */; };
		DABDB3261D2B533D004A38E3 /* BackTableViewController.swift in Sources */ = {isa = PBXBuildFile; fileRef = DABDB3251D2B533D004A38E3 /* BackTableViewController.swift */; };
		DACAF1171D8AF1AA00BEB870 /* UserDefaults.swift in Sources */ = {isa = PBXBuildFile; fileRef = DACAF1161D8AF1AA00BEB870 /* UserDefaults.swift */; };
		DADA84581D2B678F00EAA9B5 /* DailyEntryViewController.swift in Sources */ = {isa = PBXBuildFile; fileRef = DADA84571D2B678F00EAA9B5 /* DailyEntryViewController.swift */; };
		DADA845A1D2B67BD00EAA9B5 /* SetUsetViewController.swift in Sources */ = {isa = PBXBuildFile; fileRef = DADA84591D2B67BD00EAA9B5 /* SetUsetViewController.swift */; };
/* End PBXBuildFile section */

/* Begin PBXContainerItemProxy section */
		DABDB2F71D2A0953004A38E3 /* PBXContainerItemProxy */ = {
			isa = PBXContainerItemProxy;
			containerPortal = DABDB2DA1D2A0952004A38E3 /* Project object */;
			proxyType = 1;
			remoteGlobalIDString = DABDB2E11D2A0952004A38E3;
			remoteInfo = "Incentive App";
		};
		DABDB3021D2A0953004A38E3 /* PBXContainerItemProxy */ = {
			isa = PBXContainerItemProxy;
			containerPortal = DABDB2DA1D2A0952004A38E3 /* Project object */;
			proxyType = 1;
			remoteGlobalIDString = DABDB2E11D2A0952004A38E3;
			remoteInfo = "Incentive App";
		};
/* End PBXContainerItemProxy section */

/* Begin PBXFileReference section */
		048624F7A58C0134ED8F4031 /* Pods_Incentive_AppUITests.framework */ = {isa = PBXFileReference; explicitFileType = wrapper.framework; includeInIndex = 0; path = Pods_Incentive_AppUITests.framework; sourceTree = BUILT_PRODUCTS_DIR; };
		65D0BC83132C2FCD09B1B7D6 /* Pods-Incentive AppTests.debug.xcconfig */ = {isa = PBXFileReference; includeInIndex = 1; lastKnownFileType = text.xcconfig; name = "Pods-Incentive AppTests.debug.xcconfig"; path = "Pods/Target Support Files/Pods-Incentive AppTests/Pods-Incentive AppTests.debug.xcconfig"; sourceTree = "<group>"; };
		9865158616EC93818068074E /* Pods-Incentive App.release.xcconfig */ = {isa = PBXFileReference; includeInIndex = 1; lastKnownFileType = text.xcconfig; name = "Pods-Incentive App.release.xcconfig"; path = "Pods/Target Support Files/Pods-Incentive App/Pods-Incentive App.release.xcconfig"; sourceTree = "<group>"; };
		ABFA5D0876119C8CDD335103 /* Pods_Incentive_AppTests.framework */ = {isa = PBXFileReference; explicitFileType = wrapper.framework; includeInIndex = 0; path = Pods_Incentive_AppTests.framework; sourceTree = BUILT_PRODUCTS_DIR; };
		C319043ABA016CABE8F98C4D /* Pods-Incentive App.debug.xcconfig */ = {isa = PBXFileReference; includeInIndex = 1; lastKnownFileType = text.xcconfig; name = "Pods-Incentive App.debug.xcconfig"; path = "Pods/Target Support Files/Pods-Incentive App/Pods-Incentive App.debug.xcconfig"; sourceTree = "<group>"; };
		C900594C93CD4EC30C031D75 /* Pods-Incentive AppUITests.debug.xcconfig */ = {isa = PBXFileReference; includeInIndex = 1; lastKnownFileType = text.xcconfig; name = "Pods-Incentive AppUITests.debug.xcconfig"; path = "Pods/Target Support Files/Pods-Incentive AppUITests/Pods-Incentive AppUITests.debug.xcconfig"; sourceTree = "<group>"; };
		DA1519D41D2F51C500A63331 /* NameEntryViewController.swift */ = {isa = PBXFileReference; fileEncoding = 4; lastKnownFileType = sourcecode.swift; path = NameEntryViewController.swift; sourceTree = "<group>"; };
		DA1519D61D2F523A00A63331 /* DailyGoalViewController.swift */ = {isa = PBXFileReference; fileEncoding = 4; lastKnownFileType = sourcecode.swift; path = DailyGoalViewController.swift; sourceTree = "<group>"; };
		DA1519D81D2F525800A63331 /* MonthlyGoalViewController.swift */ = {isa = PBXFileReference; fileEncoding = 4; lastKnownFileType = sourcecode.swift; path = MonthlyGoalViewController.swift; sourceTree = "<group>"; };
		DA1519DA1D2F528900A63331 /* YearlyGoalViewController.swift */ = {isa = PBXFileReference; fileEncoding = 4; lastKnownFileType = sourcecode.swift; path = YearlyGoalViewController.swift; sourceTree = "<group>"; };
		DA3AF1481D39F08C00880E73 /* DailyStatsViewController.swift */ = {isa = PBXFileReference; fileEncoding = 4; lastKnownFileType = sourcecode.swift; path = DailyStatsViewController.swift; sourceTree = "<group>"; };
		DABB07241D775973007E0755 /* DailyEntryData.swift */ = {isa = PBXFileReference; fileEncoding = 4; lastKnownFileType = sourcecode.swift; path = DailyEntryData.swift; sourceTree = "<group>"; };
		DABDB2E21D2A0952004A38E3 /* Incentive App.app */ = {isa = PBXFileReference; explicitFileType = wrapper.application; includeInIndex = 0; path = "Incentive App.app"; sourceTree = BUILT_PRODUCTS_DIR; };
		DABDB2E51D2A0952004A38E3 /* AppDelegate.swift */ = {isa = PBXFileReference; lastKnownFileType = sourcecode.swift; path = AppDelegate.swift; sourceTree = "<group>"; };
		DABDB2E71D2A0952004A38E3 /* ViewController.swift */ = {isa = PBXFileReference; lastKnownFileType = sourcecode.swift; path = ViewController.swift; sourceTree = "<group>"; };
		DABDB2EA1D2A0952004A38E3 /* Base */ = {isa = PBXFileReference; lastKnownFileType = file.storyboard; name = Base; path = Base.lproj/Main.storyboard; sourceTree = "<group>"; };
		DABDB2EC1D2A0952004A38E3 /* Assets.xcassets */ = {isa = PBXFileReference; lastKnownFileType = folder.assetcatalog; path = Assets.xcassets; sourceTree = "<group>"; };
		DABDB2EF1D2A0952004A38E3 /* Base */ = {isa = PBXFileReference; lastKnownFileType = file.storyboard; name = Base; path = Base.lproj/LaunchScreen.storyboard; sourceTree = "<group>"; };
		DABDB2F11D2A0952004A38E3 /* Info.plist */ = {isa = PBXFileReference; lastKnownFileType = text.plist.xml; path = Info.plist; sourceTree = "<group>"; };
		DABDB2F61D2A0953004A38E3 /* Incentive AppTests.xctest */ = {isa = PBXFileReference; explicitFileType = wrapper.cfbundle; includeInIndex = 0; path = "Incentive AppTests.xctest"; sourceTree = BUILT_PRODUCTS_DIR; };
		DABDB2FA1D2A0953004A38E3 /* Incentive_AppTests.swift */ = {isa = PBXFileReference; lastKnownFileType = sourcecode.swift; path = Incentive_AppTests.swift; sourceTree = "<group>"; };
		DABDB2FC1D2A0953004A38E3 /* Info.plist */ = {isa = PBXFileReference; lastKnownFileType = text.plist.xml; path = Info.plist; sourceTree = "<group>"; };
		DABDB3011D2A0953004A38E3 /* Incentive AppUITests.xctest */ = {isa = PBXFileReference; explicitFileType = wrapper.cfbundle; includeInIndex = 0; path = "Incentive AppUITests.xctest"; sourceTree = BUILT_PRODUCTS_DIR; };
		DABDB3051D2A0953004A38E3 /* Incentive_AppUITests.swift */ = {isa = PBXFileReference; lastKnownFileType = sourcecode.swift; path = Incentive_AppUITests.swift; sourceTree = "<group>"; };
		DABDB3071D2A0953004A38E3 /* Info.plist */ = {isa = PBXFileReference; lastKnownFileType = text.plist.xml; path = Info.plist; sourceTree = "<group>"; };
		DABDB3161D2A0CF8004A38E3 /* ContentViewController.swift */ = {isa = PBXFileReference; fileEncoding = 4; lastKnownFileType = sourcecode.swift; path = ContentViewController.swift; sourceTree = "<group>"; };
		DABDB3181D2A1BE8004A38E3 /* CustomButton.swift */ = {isa = PBXFileReference; fileEncoding = 4; lastKnownFileType = sourcecode.swift; path = CustomButton.swift; sourceTree = "<group>"; };
		DABDB31A1D2A1D36004A38E3 /* CustomBackground.swift */ = {isa = PBXFileReference; fileEncoding = 4; lastKnownFileType = sourcecode.swift; path = CustomBackground.swift; sourceTree = "<group>"; };
		DABDB31C1D2A1F12004A38E3 /* CustomLabel.swift */ = {isa = PBXFileReference; fileEncoding = 4; lastKnownFileType = sourcecode.swift; path = CustomLabel.swift; sourceTree = "<group>"; };
		DABDB31F1D2B4F1F004A38E3 /* Incentive App-Bridging-Header.h */ = {isa = PBXFileReference; lastKnownFileType = sourcecode.c.h; path = "Incentive App-Bridging-Header.h"; sourceTree = "<group>"; };
		DABDB3201D2B4F20004A38E3 /* SWRevealViewController.h */ = {isa = PBXFileReference; fileEncoding = 4; lastKnownFileType = sourcecode.c.h; path = SWRevealViewController.h; sourceTree = "<group>"; };
		DABDB3211D2B4F20004A38E3 /* SWRevealViewController.m */ = {isa = PBXFileReference; fileEncoding = 4; lastKnownFileType = sourcecode.c.objc; path = SWRevealViewController.m; sourceTree = "<group>"; };
		DABDB3231D2B50C9004A38E3 /* AccountViewController.swift */ = {isa = PBXFileReference; fileEncoding = 4; lastKnownFileType = sourcecode.swift; path = AccountViewController.swift; sourceTree = "<group>"; };
		DABDB3251D2B533D004A38E3 /* BackTableViewController.swift */ = {isa = PBXFileReference; fileEncoding = 4; lastKnownFileType = sourcecode.swift; path = BackTableViewController.swift; sourceTree = "<group>"; };
		DACAF1161D8AF1AA00BEB870 /* UserDefaults.swift */ = {isa = PBXFileReference; fileEncoding = 4; lastKnownFileType = sourcecode.swift; path = UserDefaults.swift; sourceTree = "<group>"; };
		DADA84571D2B678F00EAA9B5 /* DailyEntryViewController.swift */ = {isa = PBXFileReference; fileEncoding = 4; lastKnownFileType = sourcecode.swift; path = DailyEntryViewController.swift; sourceTree = "<group>"; };
		DADA84591D2B67BD00EAA9B5 /* SetUsetViewController.swift */ = {isa = PBXFileReference; fileEncoding = 4; lastKnownFileType = sourcecode.swift; path = SetUsetViewController.swift; sourceTree = "<group>"; };
		DF909308D36D6CFDD5A17B70 /* Pods_Incentive_App.framework */ = {isa = PBXFileReference; explicitFileType = wrapper.framework; includeInIndex = 0; path = Pods_Incentive_App.framework; sourceTree = BUILT_PRODUCTS_DIR; };
		E8DEFD1D318FB48648A35CFD /* Pods-Incentive AppTests.release.xcconfig */ = {isa = PBXFileReference; includeInIndex = 1; lastKnownFileType = text.xcconfig; name = "Pods-Incentive AppTests.release.xcconfig"; path = "Pods/Target Support Files/Pods-Incentive AppTests/Pods-Incentive AppTests.release.xcconfig"; sourceTree = "<group>"; };
		FFAF6E7A865347C612960C14 /* Pods-Incentive AppUITests.release.xcconfig */ = {isa = PBXFileReference; includeInIndex = 1; lastKnownFileType = text.xcconfig; name = "Pods-Incentive AppUITests.release.xcconfig"; path = "Pods/Target Support Files/Pods-Incentive AppUITests/Pods-Incentive AppUITests.release.xcconfig"; sourceTree = "<group>"; };
/* End PBXFileReference section */

/* Begin PBXFrameworksBuildPhase section */
		DABDB2DF1D2A0952004A38E3 /* Frameworks */ = {
			isa = PBXFrameworksBuildPhase;
			buildActionMask = 2147483647;
			files = (
				89910F13D270BC54D4E086A6 /* Pods_Incentive_App.framework in Frameworks */,
			);
			runOnlyForDeploymentPostprocessing = 0;
		};
		DABDB2F31D2A0953004A38E3 /* Frameworks */ = {
			isa = PBXFrameworksBuildPhase;
			buildActionMask = 2147483647;
			files = (
				26F3E7446E32781D01392D7C /* Pods_Incentive_AppTests.framework in Frameworks */,
			);
			runOnlyForDeploymentPostprocessing = 0;
		};
		DABDB2FE1D2A0953004A38E3 /* Frameworks */ = {
			isa = PBXFrameworksBuildPhase;
			buildActionMask = 2147483647;
			files = (
				4487CAFF76F6803D6CDDEFA0 /* Pods_Incentive_AppUITests.framework in Frameworks */,
			);
			runOnlyForDeploymentPostprocessing = 0;
		};
/* End PBXFrameworksBuildPhase section */

/* Begin PBXGroup section */
		166B63B0CC88628A2B3EABE9 /* Frameworks */ = {
			isa = PBXGroup;
			children = (
				DF909308D36D6CFDD5A17B70 /* Pods_Incentive_App.framework */,
				ABFA5D0876119C8CDD335103 /* Pods_Incentive_AppTests.framework */,
				048624F7A58C0134ED8F4031 /* Pods_Incentive_AppUITests.framework */,
			);
			name = Frameworks;
			sourceTree = "<group>";
		};
		BA3986E64D548DBDCAEC601D /* Pods */ = {
			isa = PBXGroup;
			children = (
				C319043ABA016CABE8F98C4D /* Pods-Incentive App.debug.xcconfig */,
				9865158616EC93818068074E /* Pods-Incentive App.release.xcconfig */,
				65D0BC83132C2FCD09B1B7D6 /* Pods-Incentive AppTests.debug.xcconfig */,
				E8DEFD1D318FB48648A35CFD /* Pods-Incentive AppTests.release.xcconfig */,
				C900594C93CD4EC30C031D75 /* Pods-Incentive AppUITests.debug.xcconfig */,
				FFAF6E7A865347C612960C14 /* Pods-Incentive AppUITests.release.xcconfig */,
			);
			name = Pods;
			sourceTree = "<group>";
		};
		DABDB2D91D2A0952004A38E3 = {
			isa = PBXGroup;
			children = (
				DABDB2E41D2A0952004A38E3 /* Incentive App */,
				DABDB2F91D2A0953004A38E3 /* Incentive AppTests */,
				DABDB3041D2A0953004A38E3 /* Incentive AppUITests */,
				DABDB2E31D2A0952004A38E3 /* Products */,
				BA3986E64D548DBDCAEC601D /* Pods */,
				166B63B0CC88628A2B3EABE9 /* Frameworks */,
			);
			sourceTree = "<group>";
		};
		DABDB2E31D2A0952004A38E3 /* Products */ = {
			isa = PBXGroup;
			children = (
				DABDB2E21D2A0952004A38E3 /* Incentive App.app */,
				DABDB2F61D2A0953004A38E3 /* Incentive AppTests.xctest */,
				DABDB3011D2A0953004A38E3 /* Incentive AppUITests.xctest */,
			);
			name = Products;
			sourceTree = "<group>";
		};
		DABDB2E41D2A0952004A38E3 /* Incentive App */ = {
			isa = PBXGroup;
			children = (
				DABDB3131D2A09FF004A38E3 /* Model */,
				DABDB3141D2A0A08004A38E3 /* View */,
				DABDB3151D2A0A10004A38E3 /* Controller */,
				DABDB2E51D2A0952004A38E3 /* AppDelegate.swift */,
				DABDB2E91D2A0952004A38E3 /* Main.storyboard */,
				DABDB2EC1D2A0952004A38E3 /* Assets.xcassets */,
				DABDB2EE1D2A0952004A38E3 /* LaunchScreen.storyboard */,
				DABDB2F11D2A0952004A38E3 /* Info.plist */,
				DABDB31E1D2B4EF7004A38E3 /* Supporting Files */,
			);
			path = "Incentive App";
			sourceTree = "<group>";
		};
		DABDB2F91D2A0953004A38E3 /* Incentive AppTests */ = {
			isa = PBXGroup;
			children = (
				DABDB2FA1D2A0953004A38E3 /* Incentive_AppTests.swift */,
				DABDB2FC1D2A0953004A38E3 /* Info.plist */,
			);
			path = "Incentive AppTests";
			sourceTree = "<group>";
		};
		DABDB3041D2A0953004A38E3 /* Incentive AppUITests */ = {
			isa = PBXGroup;
			children = (
				DABDB3051D2A0953004A38E3 /* Incentive_AppUITests.swift */,
				DABDB3071D2A0953004A38E3 /* Info.plist */,
			);
			path = "Incentive AppUITests";
			sourceTree = "<group>";
		};
		DABDB3131D2A09FF004A38E3 /* Model */ = {
			isa = PBXGroup;
			children = (
				DABB07241D775973007E0755 /* DailyEntryData.swift */,
				DACAF1161D8AF1AA00BEB870 /* UserDefaults.swift */,
			);
			name = Model;
			sourceTree = "<group>";
		};
		DABDB3141D2A0A08004A38E3 /* View */ = {
			isa = PBXGroup;
			children = (
				DABDB3181D2A1BE8004A38E3 /* CustomButton.swift */,
				DABDB31A1D2A1D36004A38E3 /* CustomBackground.swift */,
				DABDB31C1D2A1F12004A38E3 /* CustomLabel.swift */,
			);
			name = View;
			sourceTree = "<group>";
		};
		DABDB3151D2A0A10004A38E3 /* Controller */ = {
			isa = PBXGroup;
			children = (
				DABDB2E71D2A0952004A38E3 /* ViewController.swift */,
				DABDB3161D2A0CF8004A38E3 /* ContentViewController.swift */,
				DABDB3231D2B50C9004A38E3 /* AccountViewController.swift */,
				DABDB3251D2B533D004A38E3 /* BackTableViewController.swift */,
				DADA84571D2B678F00EAA9B5 /* DailyEntryViewController.swift */,
				DADA84591D2B67BD00EAA9B5 /* SetUsetViewController.swift */,
				DA3AF1481D39F08C00880E73 /* DailyStatsViewController.swift */,
				DA1519D41D2F51C500A63331 /* NameEntryViewController.swift */,
				DA1519D81D2F525800A63331 /* MonthlyGoalViewController.swift */,
				DA1519DA1D2F528900A63331 /* YearlyGoalViewController.swift */,
				DA1519D61D2F523A00A63331 /* DailyGoalViewController.swift */,
			);
			name = Controller;
			sourceTree = "<group>";
		};
		DABDB31E1D2B4EF7004A38E3 /* Supporting Files */ = {
			isa = PBXGroup;
			children = (
				DABDB3201D2B4F20004A38E3 /* SWRevealViewController.h */,
				DABDB3211D2B4F20004A38E3 /* SWRevealViewController.m */,
				DABDB31F1D2B4F1F004A38E3 /* Incentive App-Bridging-Header.h */,
			);
			name = "Supporting Files";
			sourceTree = "<group>";
		};
/* End PBXGroup section */

/* Begin PBXNativeTarget section */
		DABDB2E11D2A0952004A38E3 /* Incentive App */ = {
			isa = PBXNativeTarget;
			buildConfigurationList = DABDB30A1D2A0953004A38E3 /* Build configuration list for PBXNativeTarget "Incentive App" */;
			buildPhases = (
				14A893605D7AC4E1D920DC80 /* [CP] Check Pods Manifest.lock */,
				DABDB2DE1D2A0952004A38E3 /* Sources */,
				DABDB2DF1D2A0952004A38E3 /* Frameworks */,
				DABDB2E01D2A0952004A38E3 /* Resources */,
				89F2A00FA704053CFDE01AA0 /* [CP] Embed Pods Frameworks */,
				F79D259DB5184AED0D371180 /* [CP] Copy Pods Resources */,
			);
			buildRules = (
			);
			dependencies = (
			);
			name = "Incentive App";
			productName = "Incentive App";
			productReference = DABDB2E21D2A0952004A38E3 /* Incentive App.app */;
			productType = "com.apple.product-type.application";
		};
		DABDB2F51D2A0953004A38E3 /* Incentive AppTests */ = {
			isa = PBXNativeTarget;
			buildConfigurationList = DABDB30D1D2A0953004A38E3 /* Build configuration list for PBXNativeTarget "Incentive AppTests" */;
			buildPhases = (
				67611161690B4CBFEBDAE630 /* [CP] Check Pods Manifest.lock */,
				DABDB2F21D2A0953004A38E3 /* Sources */,
				DABDB2F31D2A0953004A38E3 /* Frameworks */,
				DABDB2F41D2A0953004A38E3 /* Resources */,
				682DF823E027D99D4B3A8F44 /* [CP] Embed Pods Frameworks */,
				5C228C0C704C0C98BEF1B74E /* [CP] Copy Pods Resources */,
			);
			buildRules = (
			);
			dependencies = (
				DABDB2F81D2A0953004A38E3 /* PBXTargetDependency */,
			);
			name = "Incentive AppTests";
			productName = "Incentive AppTests";
			productReference = DABDB2F61D2A0953004A38E3 /* Incentive AppTests.xctest */;
			productType = "com.apple.product-type.bundle.unit-test";
		};
		DABDB3001D2A0953004A38E3 /* Incentive AppUITests */ = {
			isa = PBXNativeTarget;
			buildConfigurationList = DABDB3101D2A0953004A38E3 /* Build configuration list for PBXNativeTarget "Incentive AppUITests" */;
			buildPhases = (
				3EBBA730662C7670CB38F275 /* [CP] Check Pods Manifest.lock */,
				DABDB2FD1D2A0953004A38E3 /* Sources */,
				DABDB2FE1D2A0953004A38E3 /* Frameworks */,
				DABDB2FF1D2A0953004A38E3 /* Resources */,
				BE0646A48A309FBE52BFD5BF /* [CP] Copy Pods Resources */,
			);
			buildRules = (
			);
			dependencies = (
				DABDB3031D2A0953004A38E3 /* PBXTargetDependency */,
			);
			name = "Incentive AppUITests";
			productName = "Incentive AppUITests";
			productReference = DABDB3011D2A0953004A38E3 /* Incentive AppUITests.xctest */;
			productType = "com.apple.product-type.bundle.ui-testing";
		};
/* End PBXNativeTarget section */

/* Begin PBXProject section */
		DABDB2DA1D2A0952004A38E3 /* Project object */ = {
			isa = PBXProject;
			attributes = {
				LastSwiftUpdateCheck = 0800;
				LastUpgradeCheck = 0810;
				ORGANIZATIONNAME = "CCI Design";
				TargetAttributes = {
					DABDB2E11D2A0952004A38E3 = {
						CreatedOnToolsVersion = 8.0;
						DevelopmentTeam = ER4A5ZBPTH;
						DevelopmentTeamName = "Erick Truong";
						LastSwiftMigration = 0800;
						ProvisioningStyle = Automatic;
					};
					DABDB2F51D2A0953004A38E3 = {
						CreatedOnToolsVersion = 8.0;
						DevelopmentTeam = ER4A5ZBPTH;
						DevelopmentTeamName = "Erick Truong";
						LastSwiftMigration = 0800;
						ProvisioningStyle = Automatic;
						TestTargetID = DABDB2E11D2A0952004A38E3;
					};
					DABDB3001D2A0953004A38E3 = {
						CreatedOnToolsVersion = 8.0;
						DevelopmentTeam = ER4A5ZBPTH;
						DevelopmentTeamName = "Erick Truong";
						LastSwiftMigration = 0800;
						ProvisioningStyle = Automatic;
						TestTargetID = DABDB2E11D2A0952004A38E3;
					};
				};
			};
			buildConfigurationList = DABDB2DD1D2A0952004A38E3 /* Build configuration list for PBXProject "Incentive App" */;
			compatibilityVersion = "Xcode 3.2";
			developmentRegion = English;
			hasScannedForEncodings = 0;
			knownRegions = (
				en,
				Base,
			);
			mainGroup = DABDB2D91D2A0952004A38E3;
			productRefGroup = DABDB2E31D2A0952004A38E3 /* Products */;
			projectDirPath = "";
			projectRoot = "";
			targets = (
				DABDB2E11D2A0952004A38E3 /* Incentive App */,
				DABDB2F51D2A0953004A38E3 /* Incentive AppTests */,
				DABDB3001D2A0953004A38E3 /* Incentive AppUITests */,
			);
		};
/* End PBXProject section */

/* Begin PBXResourcesBuildPhase section */
		DABDB2E01D2A0952004A38E3 /* Resources */ = {
			isa = PBXResourcesBuildPhase;
			buildActionMask = 2147483647;
			files = (
				DABDB2F01D2A0952004A38E3 /* LaunchScreen.storyboard in Resources */,
				DABDB2ED1D2A0952004A38E3 /* Assets.xcassets in Resources */,
				DABDB2EB1D2A0952004A38E3 /* Main.storyboard in Resources */,
			);
			runOnlyForDeploymentPostprocessing = 0;
		};
		DABDB2F41D2A0953004A38E3 /* Resources */ = {
			isa = PBXResourcesBuildPhase;
			buildActionMask = 2147483647;
			files = (
			);
			runOnlyForDeploymentPostprocessing = 0;
		};
		DABDB2FF1D2A0953004A38E3 /* Resources */ = {
			isa = PBXResourcesBuildPhase;
			buildActionMask = 2147483647;
			files = (
			);
			runOnlyForDeploymentPostprocessing = 0;
		};
/* End PBXResourcesBuildPhase section */

/* Begin PBXShellScriptBuildPhase section */
		14A893605D7AC4E1D920DC80 /* [CP] Check Pods Manifest.lock */ = {
			isa = PBXShellScriptBuildPhase;
			buildActionMask = 2147483647;
			files = (
			);
			inputPaths = (
			);
			name = "[CP] Check Pods Manifest.lock";
			outputPaths = (
			);
			runOnlyForDeploymentPostprocessing = 0;
			shellPath = /bin/sh;
			shellScript = "diff \"${PODS_ROOT}/../Podfile.lock\" \"${PODS_ROOT}/Manifest.lock\" > /dev/null\nif [[ $? != 0 ]] ; then\n    cat << EOM\nerror: The sandbox is not in sync with the Podfile.lock. Run 'pod install' or update your CocoaPods installation.\nEOM\n    exit 1\nfi\n";
			showEnvVarsInLog = 0;
		};
		3EBBA730662C7670CB38F275 /* [CP] Check Pods Manifest.lock */ = {
			isa = PBXShellScriptBuildPhase;
			buildActionMask = 2147483647;
			files = (
			);
			inputPaths = (
			);
			name = "[CP] Check Pods Manifest.lock";
			outputPaths = (
			);
			runOnlyForDeploymentPostprocessing = 0;
			shellPath = /bin/sh;
			shellScript = "diff \"${PODS_ROOT}/../Podfile.lock\" \"${PODS_ROOT}/Manifest.lock\" > /dev/null\nif [[ $? != 0 ]] ; then\n    cat << EOM\nerror: The sandbox is not in sync with the Podfile.lock. Run 'pod install' or update your CocoaPods installation.\nEOM\n    exit 1\nfi\n";
			showEnvVarsInLog = 0;
		};
		5C228C0C704C0C98BEF1B74E /* [CP] Copy Pods Resources */ = {
			isa = PBXShellScriptBuildPhase;
			buildActionMask = 2147483647;
			files = (
			);
			inputPaths = (
			);
			name = "[CP] Copy Pods Resources";
			outputPaths = (
			);
			runOnlyForDeploymentPostprocessing = 0;
			shellPath = /bin/sh;
			shellScript = "\"${SRCROOT}/Pods/Target Support Files/Pods-Incentive AppTests/Pods-Incentive AppTests-resources.sh\"\n";
			showEnvVarsInLog = 0;
		};
		67611161690B4CBFEBDAE630 /* [CP] Check Pods Manifest.lock */ = {
			isa = PBXShellScriptBuildPhase;
			buildActionMask = 2147483647;
			files = (
			);
			inputPaths = (
			);
			name = "[CP] Check Pods Manifest.lock";
			outputPaths = (
			);
			runOnlyForDeploymentPostprocessing = 0;
			shellPath = /bin/sh;
			shellScript = "diff \"${PODS_ROOT}/../Podfile.lock\" \"${PODS_ROOT}/Manifest.lock\" > /dev/null\nif [[ $? != 0 ]] ; then\n    cat << EOM\nerror: The sandbox is not in sync with the Podfile.lock. Run 'pod install' or update your CocoaPods installation.\nEOM\n    exit 1\nfi\n";
			showEnvVarsInLog = 0;
		};
		682DF823E027D99D4B3A8F44 /* [CP] Embed Pods Frameworks */ = {
			isa = PBXShellScriptBuildPhase;
			buildActionMask = 2147483647;
			files = (
			);
			inputPaths = (
			);
			name = "[CP] Embed Pods Frameworks";
			outputPaths = (
			);
			runOnlyForDeploymentPostprocessing = 0;
			shellPath = /bin/sh;
			shellScript = "\"${SRCROOT}/Pods/Target Support Files/Pods-Incentive AppTests/Pods-Incentive AppTests-frameworks.sh\"\n";
			showEnvVarsInLog = 0;
		};
		89F2A00FA704053CFDE01AA0 /* [CP] Embed Pods Frameworks */ = {
			isa = PBXShellScriptBuildPhase;
			buildActionMask = 2147483647;
			files = (
			);
			inputPaths = (
			);
			name = "[CP] Embed Pods Frameworks";
			outputPaths = (
			);
			runOnlyForDeploymentPostprocessing = 0;
			shellPath = /bin/sh;
			shellScript = "\"${SRCROOT}/Pods/Target Support Files/Pods-Incentive App/Pods-Incentive App-frameworks.sh\"\n";
			showEnvVarsInLog = 0;
		};
		BE0646A48A309FBE52BFD5BF /* [CP] Copy Pods Resources */ = {
			isa = PBXShellScriptBuildPhase;
			buildActionMask = 2147483647;
			files = (
			);
			inputPaths = (
			);
			name = "[CP] Copy Pods Resources";
			outputPaths = (
			);
			runOnlyForDeploymentPostprocessing = 0;
			shellPath = /bin/sh;
			shellScript = "\"${SRCROOT}/Pods/Target Support Files/Pods-Incentive AppUITests/Pods-Incentive AppUITests-resources.sh\"\n";
			showEnvVarsInLog = 0;
		};
		F79D259DB5184AED0D371180 /* [CP] Copy Pods Resources */ = {
			isa = PBXShellScriptBuildPhase;
			buildActionMask = 2147483647;
			files = (
			);
			inputPaths = (
			);
			name = "[CP] Copy Pods Resources";
			outputPaths = (
			);
			runOnlyForDeploymentPostprocessing = 0;
			shellPath = /bin/sh;
			shellScript = "\"${SRCROOT}/Pods/Target Support Files/Pods-Incentive App/Pods-Incentive App-resources.sh\"\n";
			showEnvVarsInLog = 0;
		};
/* End PBXShellScriptBuildPhase section */

/* Begin PBXSourcesBuildPhase section */
		DABDB2DE1D2A0952004A38E3 /* Sources */ = {
			isa = PBXSourcesBuildPhase;
			buildActionMask = 2147483647;
			files = (
				DABDB3221D2B4F20004A38E3 /* SWRevealViewController.m in Sources */,
				DA1519DB1D2F528900A63331 /* YearlyGoalViewController.swift in Sources */,
				DA3AF1491D39F08C00880E73 /* DailyStatsViewController.swift in Sources */,
				DA1519D71D2F523A00A63331 /* DailyGoalViewController.swift in Sources */,
				DABDB31B1D2A1D36004A38E3 /* CustomBackground.swift in Sources */,
				DABDB3241D2B50C9004A38E3 /* AccountViewController.swift in Sources */,
				DADA84581D2B678F00EAA9B5 /* DailyEntryViewController.swift in Sources */,
				DA1519D51D2F51C500A63331 /* NameEntryViewController.swift in Sources */,
				DADA845A1D2B67BD00EAA9B5 /* SetUsetViewController.swift in Sources */,
				DABDB31D1D2A1F12004A38E3 /* CustomLabel.swift in Sources */,
				DABDB3191D2A1BE8004A38E3 /* CustomButton.swift in Sources */,
				DABDB2E81D2A0952004A38E3 /* ViewController.swift in Sources */,
				DA1519D91D2F525800A63331 /* MonthlyGoalViewController.swift in Sources */,
				DABDB3171D2A0CF8004A38E3 /* ContentViewController.swift in Sources */,
				DACAF1171D8AF1AA00BEB870 /* UserDefaults.swift in Sources */,
				DABDB3261D2B533D004A38E3 /* BackTableViewController.swift in Sources */,
				DABDB2E61D2A0952004A38E3 /* AppDelegate.swift in Sources */,
				DABB07251D775973007E0755 /* DailyEntryData.swift in Sources */,
			);
			runOnlyForDeploymentPostprocessing = 0;
		};
		DABDB2F21D2A0953004A38E3 /* Sources */ = {
			isa = PBXSourcesBuildPhase;
			buildActionMask = 2147483647;
			files = (
				DA1D3A581D37E06D00EC516A /* Incentive_AppTests.swift in Sources */,
			);
			runOnlyForDeploymentPostprocessing = 0;
		};
		DABDB2FD1D2A0953004A38E3 /* Sources */ = {
			isa = PBXSourcesBuildPhase;
			buildActionMask = 2147483647;
			files = (
				DABDB3061D2A0953004A38E3 /* Incentive_AppUITests.swift in Sources */,
			);
			runOnlyForDeploymentPostprocessing = 0;
		};
/* End PBXSourcesBuildPhase section */

/* Begin PBXTargetDependency section */
		DABDB2F81D2A0953004A38E3 /* PBXTargetDependency */ = {
			isa = PBXTargetDependency;
			target = DABDB2E11D2A0952004A38E3 /* Incentive App */;
			targetProxy = DABDB2F71D2A0953004A38E3 /* PBXContainerItemProxy */;
		};
		DABDB3031D2A0953004A38E3 /* PBXTargetDependency */ = {
			isa = PBXTargetDependency;
			target = DABDB2E11D2A0952004A38E3 /* Incentive App */;
			targetProxy = DABDB3021D2A0953004A38E3 /* PBXContainerItemProxy */;
		};
/* End PBXTargetDependency section */

/* Begin PBXVariantGroup section */
		DABDB2E91D2A0952004A38E3 /* Main.storyboard */ = {
			isa = PBXVariantGroup;
			children = (
				DABDB2EA1D2A0952004A38E3 /* Base */,
			);
			name = Main.storyboard;
			sourceTree = "<group>";
		};
		DABDB2EE1D2A0952004A38E3 /* LaunchScreen.storyboard */ = {
			isa = PBXVariantGroup;
			children = (
				DABDB2EF1D2A0952004A38E3 /* Base */,
			);
			name = LaunchScreen.storyboard;
			sourceTree = "<group>";
		};
/* End PBXVariantGroup section */

/* Begin XCBuildConfiguration section */
		DABDB3081D2A0953004A38E3 /* Debug */ = {
			isa = XCBuildConfiguration;
			buildSettings = {
				ALWAYS_SEARCH_USER_PATHS = NO;
				CLANG_ANALYZER_NONNULL = YES;
				CLANG_CXX_LANGUAGE_STANDARD = "gnu++0x";
				CLANG_CXX_LIBRARY = "libc++";
				CLANG_ENABLE_MODULES = YES;
				CLANG_ENABLE_OBJC_ARC = YES;
				CLANG_WARN_BOOL_CONVERSION = YES;
				CLANG_WARN_CONSTANT_CONVERSION = YES;
				CLANG_WARN_DIRECT_OBJC_ISA_USAGE = YES_ERROR;
				CLANG_WARN_DOCUMENTATION_COMMENTS = YES;
				CLANG_WARN_EMPTY_BODY = YES;
				CLANG_WARN_ENUM_CONVERSION = YES;
				CLANG_WARN_INFINITE_RECURSION = YES;
				CLANG_WARN_INT_CONVERSION = YES;
				CLANG_WARN_OBJC_ROOT_CLASS = YES_ERROR;
				CLANG_WARN_SUSPICIOUS_MOVE = YES;
				CLANG_WARN_UNREACHABLE_CODE = YES;
				CLANG_WARN__DUPLICATE_METHOD_MATCH = YES;
				"CODE_SIGN_IDENTITY[sdk=iphoneos*]" = "iPhone Developer";
				COPY_PHASE_STRIP = NO;
				DEBUG_INFORMATION_FORMAT = dwarf;
				ENABLE_STRICT_OBJC_MSGSEND = YES;
				ENABLE_TESTABILITY = YES;
				GCC_C_LANGUAGE_STANDARD = gnu99;
				GCC_DYNAMIC_NO_PIC = NO;
				GCC_NO_COMMON_BLOCKS = YES;
				GCC_OPTIMIZATION_LEVEL = 0;
				GCC_PREPROCESSOR_DEFINITIONS = (
					"DEBUG=1",
					"$(inherited)",
				);
				GCC_WARN_64_TO_32_BIT_CONVERSION = YES;
				GCC_WARN_ABOUT_RETURN_TYPE = YES_ERROR;
				GCC_WARN_UNDECLARED_SELECTOR = YES;
				GCC_WARN_UNINITIALIZED_AUTOS = YES_AGGRESSIVE;
				GCC_WARN_UNUSED_FUNCTION = YES;
				GCC_WARN_UNUSED_VARIABLE = YES;
				IPHONEOS_DEPLOYMENT_TARGET = 10.0;
				MTL_ENABLE_DEBUG_INFO = YES;
				ONLY_ACTIVE_ARCH = YES;
				SDKROOT = iphoneos;
				SWIFT_ACTIVE_COMPILATION_CONDITIONS = DEBUG;
				SWIFT_OPTIMIZATION_LEVEL = "-Onone";
			};
			name = Debug;
		};
		DABDB3091D2A0953004A38E3 /* Release */ = {
			isa = XCBuildConfiguration;
			buildSettings = {
				ALWAYS_SEARCH_USER_PATHS = NO;
				CLANG_ANALYZER_NONNULL = YES;
				CLANG_CXX_LANGUAGE_STANDARD = "gnu++0x";
				CLANG_CXX_LIBRARY = "libc++";
				CLANG_ENABLE_MODULES = YES;
				CLANG_ENABLE_OBJC_ARC = YES;
				CLANG_WARN_BOOL_CONVERSION = YES;
				CLANG_WARN_CONSTANT_CONVERSION = YES;
				CLANG_WARN_DIRECT_OBJC_ISA_USAGE = YES_ERROR;
				CLANG_WARN_DOCUMENTATION_COMMENTS = YES;
				CLANG_WARN_EMPTY_BODY = YES;
				CLANG_WARN_ENUM_CONVERSION = YES;
				CLANG_WARN_INFINITE_RECURSION = YES;
				CLANG_WARN_INT_CONVERSION = YES;
				CLANG_WARN_OBJC_ROOT_CLASS = YES_ERROR;
				CLANG_WARN_SUSPICIOUS_MOVE = YES;
				CLANG_WARN_UNREACHABLE_CODE = YES;
				CLANG_WARN__DUPLICATE_METHOD_MATCH = YES;
				"CODE_SIGN_IDENTITY[sdk=iphoneos*]" = "iPhone Developer";
				COPY_PHASE_STRIP = NO;
				DEBUG_INFORMATION_FORMAT = "dwarf-with-dsym";
				ENABLE_NS_ASSERTIONS = NO;
				ENABLE_STRICT_OBJC_MSGSEND = YES;
				GCC_C_LANGUAGE_STANDARD = gnu99;
				GCC_NO_COMMON_BLOCKS = YES;
				GCC_WARN_64_TO_32_BIT_CONVERSION = YES;
				GCC_WARN_ABOUT_RETURN_TYPE = YES_ERROR;
				GCC_WARN_UNDECLARED_SELECTOR = YES;
				GCC_WARN_UNINITIALIZED_AUTOS = YES_AGGRESSIVE;
				GCC_WARN_UNUSED_FUNCTION = YES;
				GCC_WARN_UNUSED_VARIABLE = YES;
				IPHONEOS_DEPLOYMENT_TARGET = 10.0;
				MTL_ENABLE_DEBUG_INFO = NO;
				SDKROOT = iphoneos;
				SWIFT_OPTIMIZATION_LEVEL = "-Owholemodule";
				VALIDATE_PRODUCT = YES;
			};
			name = Release;
		};
		DABDB30B1D2A0953004A38E3 /* Debug */ = {
			isa = XCBuildConfiguration;
			baseConfigurationReference = C319043ABA016CABE8F98C4D /* Pods-Incentive App.debug.xcconfig */;
			buildSettings = {
				ALWAYS_EMBED_SWIFT_STANDARD_LIBRARIES = YES;
				ASSETCATALOG_COMPILER_APPICON_NAME = AppIcon;
				CLANG_ENABLE_MODULES = YES;
				CODE_SIGN_IDENTITY = "iPhone Developer";
				INFOPLIST_FILE = "Incentive App/Info.plist";
				IPHONEOS_DEPLOYMENT_TARGET = 9.3;
				LD_RUNPATH_SEARCH_PATHS = "$(inherited) @executable_path/Frameworks";
				PRODUCT_BUNDLE_IDENTIFIER = "com.ccidesign.Incentive-App";
				PRODUCT_NAME = "$(TARGET_NAME)";
				SWIFT_OBJC_BRIDGING_HEADER = "Incentive App/Incentive App-Bridging-Header.h";
				SWIFT_OPTIMIZATION_LEVEL = "-Onone";
				SWIFT_VERSION = 3.0;
			};
			name = Debug;
		};
		DABDB30C1D2A0953004A38E3 /* Release */ = {
			isa = XCBuildConfiguration;
			baseConfigurationReference = 9865158616EC93818068074E /* Pods-Incentive App.release.xcconfig */;
			buildSettings = {
				ALWAYS_EMBED_SWIFT_STANDARD_LIBRARIES = YES;
				ASSETCATALOG_COMPILER_APPICON_NAME = AppIcon;
				CLANG_ENABLE_MODULES = YES;
				CODE_SIGN_IDENTITY = "iPhone Developer";
				INFOPLIST_FILE = "Incentive App/Info.plist";
				IPHONEOS_DEPLOYMENT_TARGET = 9.3;
				LD_RUNPATH_SEARCH_PATHS = "$(inherited) @executable_path/Frameworks";
				PRODUCT_BUNDLE_IDENTIFIER = "com.ccidesign.Incentive-App";
				PRODUCT_NAME = "$(TARGET_NAME)";
				SWIFT_OBJC_BRIDGING_HEADER = "Incentive App/Incentive App-Bridging-Header.h";
				SWIFT_VERSION = 3.0;
			};
			name = Release;
		};
		DABDB30E1D2A0953004A38E3 /* Debug */ = {
			isa = XCBuildConfiguration;
			baseConfigurationReference = 65D0BC83132C2FCD09B1B7D6 /* Pods-Incentive AppTests.debug.xcconfig */;
			buildSettings = {
				ALWAYS_EMBED_SWIFT_STANDARD_LIBRARIES = YES;
				BUNDLE_LOADER = "$(TEST_HOST)";
				INFOPLIST_FILE = "Incentive AppTests/Info.plist";
				IPHONEOS_DEPLOYMENT_TARGET = 9.3;
				LD_RUNPATH_SEARCH_PATHS = "$(inherited) @executable_path/Frameworks @loader_path/Frameworks";
				PRODUCT_BUNDLE_IDENTIFIER = "com.ccidesign.Incentive-AppTests";
				PRODUCT_NAME = "$(TARGET_NAME)";
				SWIFT_VERSION = 3.0;
				TEST_HOST = "$(BUILT_PRODUCTS_DIR)/Incentive App.app/Incentive App";
			};
			name = Debug;
		};
		DABDB30F1D2A0953004A38E3 /* Release */ = {
			isa = XCBuildConfiguration;
			baseConfigurationReference = E8DEFD1D318FB48648A35CFD /* Pods-Incentive AppTests.release.xcconfig */;
			buildSettings = {
				ALWAYS_EMBED_SWIFT_STANDARD_LIBRARIES = YES;
				BUNDLE_LOADER = "$(TEST_HOST)";
				INFOPLIST_FILE = "Incentive AppTests/Info.plist";
				IPHONEOS_DEPLOYMENT_TARGET = 9.3;
				LD_RUNPATH_SEARCH_PATHS = "$(inherited) @executable_path/Frameworks @loader_path/Frameworks";
				PRODUCT_BUNDLE_IDENTIFIER = "com.ccidesign.Incentive-AppTests";
				PRODUCT_NAME = "$(TARGET_NAME)";
				SWIFT_VERSION = 3.0;
				TEST_HOST = "$(BUILT_PRODUCTS_DIR)/Incentive App.app/Incentive App";
			};
			name = Release;
		};
		DABDB3111D2A0953004A38E3 /* Debug */ = {
			isa = XCBuildConfiguration;
			baseConfigurationReference = C900594C93CD4EC30C031D75 /* Pods-Incentive AppUITests.debug.xcconfig */;
			buildSettings = {
				INFOPLIST_FILE = "Incentive AppUITests/Info.plist";
				IPHONEOS_DEPLOYMENT_TARGET = 9.3;
				LD_RUNPATH_SEARCH_PATHS = "$(inherited) @executable_path/Frameworks @loader_path/Frameworks";
				PRODUCT_BUNDLE_IDENTIFIER = "com.ccidesign.Incentive-AppUITests";
				PRODUCT_NAME = "$(TARGET_NAME)";
				SWIFT_VERSION = 3.0;
				TEST_TARGET_NAME = "Incentive App";
			};
			name = Debug;
		};
		DABDB3121D2A0953004A38E3 /* Release */ = {
			isa = XCBuildConfiguration;
			baseConfigurationReference = FFAF6E7A865347C612960C14 /* Pods-Incentive AppUITests.release.xcconfig */;
			buildSettings = {
				INFOPLIST_FILE = "Incentive AppUITests/Info.plist";
				IPHONEOS_DEPLOYMENT_TARGET = 9.3;
				LD_RUNPATH_SEARCH_PATHS = "$(inherited) @executable_path/Frameworks @loader_path/Frameworks";
				PRODUCT_BUNDLE_IDENTIFIER = "com.ccidesign.Incentive-AppUITests";
				PRODUCT_NAME = "$(TARGET_NAME)";
				SWIFT_VERSION = 3.0;
				TEST_TARGET_NAME = "Incentive App";
			};
			name = Release;
		};
/* End XCBuildConfiguration section */

/* Begin XCConfigurationList section */
		DABDB2DD1D2A0952004A38E3 /* Build configuration list for PBXProject "Incentive App" */ = {
			isa = XCConfigurationList;
			buildConfigurations = (
				DABDB3081D2A0953004A38E3 /* Debug */,
				DABDB3091D2A0953004A38E3 /* Release */,
			);
			defaultConfigurationIsVisible = 0;
			defaultConfigurationName = Release;
		};
		DABDB30A1D2A0953004A38E3 /* Build configuration list for PBXNativeTarget "Incentive App" */ = {
			isa = XCConfigurationList;
			buildConfigurations = (
				DABDB30B1D2A0953004A38E3 /* Debug */,
				DABDB30C1D2A0953004A38E3 /* Release */,
			);
			defaultConfigurationIsVisible = 0;
			defaultConfigurationName = Release;
		};
		DABDB30D1D2A0953004A38E3 /* Build configuration list for PBXNativeTarget "Incentive AppTests" */ = {
			isa = XCConfigurationList;
			buildConfigurations = (
				DABDB30E1D2A0953004A38E3 /* Debug */,
				DABDB30F1D2A0953004A38E3 /* Release */,
			);
			defaultConfigurationIsVisible = 0;
			defaultConfigurationName = Release;
		};
		DABDB3101D2A0953004A38E3 /* Build configuration list for PBXNativeTarget "Incentive AppUITests" */ = {
			isa = XCConfigurationList;
			buildConfigurations = (
				DABDB3111D2A0953004A38E3 /* Debug */,
				DABDB3121D2A0953004A38E3 /* Release */,
			);
			defaultConfigurationIsVisible = 0;
			defaultConfigurationName = Release;
		};
/* End XCConfigurationList section */
	};
	rootObject = DABDB2DA1D2A0952004A38E3 /* Project object */;
}
